
Microsoft Visual Studio Solution File, Format Version 12.00
# Visual Studio Version 17
VisualStudioVersion = 17.13.35828.75
MinimumVisualStudioVersion = 10.0.40219.1
Project("{FAE04EC0-301F-11D3-BF4B-00C04F79EFBC}") = "Exercicio01", "Exercicio01\Exercicio01.csproj", "{8091A09B-4F6E-421B-8096-3AACA225532A}"
EndProject
Project("{FAE04EC0-301F-11D3-BF4B-00C04F79EFBC}") = "Exercicio02", "Exercicio02\Exercicio02.csproj", "{C7ECC24F-EA26-41AF-9610-526E0ABD147A}"
EndProject
Project("{FAE04EC0-301F-11D3-BF4B-00C04F79EFBC}") = "Exercicio03", "Exercicio03\Exercicio03.csproj", "{47D8BA97-5035-4E14-91D0-9E898F5F6AC1}"
EndProject
Project("{FAE04EC0-301F-11D3-BF4B-00C04F79EFBC}") = "Exercicio04", "Exercicio04\Exercicio04.csproj", "{403AC941-CB7F-4A51-A308-5F5DC79C6D82}"
EndProject
Project("{FAE04EC0-301F-11D3-BF4B-00C04F79EFBC}") = "Exercicio05", "Exercicio05\Exercicio05.csproj", "{BAF7D4E0-A691-4124-B1F2-850DE974C2CF}"
EndProject
Project("{FAE04EC0-301F-11D3-BF4B-00C04F79EFBC}") = "Exercicio06", "Exercicio06\Exercicio06.csproj", "{EAEAD17D-832B-476A-9BA4-68489BA91892}"
EndProject
Project("{FAE04EC0-301F-11D3-BF4B-00C04F79EFBC}") = "Exercicio07", "Exercicio07\Exercicio07.csproj", "{B055C1F4-2E02-4CE5-9988-889618ECCEB7}"
EndProject
Project("{FAE04EC0-301F-11D3-BF4B-00C04F79EFBC}") = "Exercicio08", "Exercicio08\Exercicio08.csproj", "{D02371B0-939E-4FFA-AACD-53C8B9EF74CB}"
EndProject
Project("{FAE04EC0-301F-11D3-BF4B-00C04F79EFBC}") = "Exercicio09", "Exercicio09\Exercicio09.csproj", "{88C7F268-7CD3-4810-82B3-AF7B4517A3A1}"
EndProject
Project("{FAE04EC0-301F-11D3-BF4B-00C04F79EFBC}") = "Exercicio10", "Exercicio10\Exercicio10.csproj", "{37EF356B-89EA-4C83-B802-F4962E956D7A}"
EndProject
Project("{FAE04EC0-301F-11D3-BF4B-00C04F79EFBC}") = "Exercicio11", "Exercicio11\Exercicio11.csproj", "{30C85F78-1C2A-4356-85EB-1C1ED631DDB1}"
EndProject
Project("{FAE04EC0-301F-11D3-BF4B-00C04F79EFBC}") = "Exercicio12", "Exercicio12\Exercicio12.csproj", "{00AAF3CC-F090-4A4E-B47B-76DC9BC9FF7B}"
EndProject
Project("{FAE04EC0-301F-11D3-BF4B-00C04F79EFBC}") = "Exercicio13", "Exercicio13\Exercicio13.csproj", "{5E3162C8-F181-47A3-B8A5-119CC87E1B62}"
EndProject
Project("{FAE04EC0-301F-11D3-BF4B-00C04F79EFBC}") = "Exercicio14", "Exercicio14\Exercicio14.csproj", "{410C1E23-CA21-4C46-8512-ACC24EE17FC2}"
EndProject
Project("{FAE04EC0-301F-11D3-BF4B-00C04F79EFBC}") = "Exercicio15", "Exercicio15\Exercicio15.csproj", "{98E2D3BE-1215-4E17-BB32-F653A4098EDA}"
EndProject
Project("{FAE04EC0-301F-11D3-BF4B-00C04F79EFBC}") = "Exercicio16", "Exercicio16\Exercicio16.csproj", "{AA07D598-A6ED-4E46-AB5C-8D8A583D1CF7}"
EndProject
Global
	GlobalSection(SolutionConfigurationPlatforms) = preSolution
		Debug|Any CPU = Debug|Any CPU
		Release|Any CPU = Release|Any CPU
	EndGlobalSection
	GlobalSection(ProjectConfigurationPlatforms) = postSolution
		{8091A09B-4F6E-421B-8096-3AACA225532A}.Debug|Any CPU.ActiveCfg = Debug|Any CPU
		{8091A09B-4F6E-421B-8096-3AACA225532A}.Debug|Any CPU.Build.0 = Debug|Any CPU
		{8091A09B-4F6E-421B-8096-3AACA225532A}.Release|Any CPU.ActiveCfg = Release|Any CPU
		{8091A09B-4F6E-421B-8096-3AACA225532A}.Release|Any CPU.Build.0 = Release|Any CPU
		{C7ECC24F-EA26-41AF-9610-526E0ABD147A}.Debug|Any CPU.ActiveCfg = Debug|Any CPU
		{C7ECC24F-EA26-41AF-9610-526E0ABD147A}.Debug|Any CPU.Build.0 = Debug|Any CPU
		{C7ECC24F-EA26-41AF-9610-526E0ABD147A}.Release|Any CPU.ActiveCfg = Release|Any CPU
		{C7ECC24F-EA26-41AF-9610-526E0ABD147A}.Release|Any CPU.Build.0 = Release|Any CPU
		{47D8BA97-5035-4E14-91D0-9E898F5F6AC1}.Debug|Any CPU.ActiveCfg = Debug|Any CPU
		{47D8BA97-5035-4E14-91D0-9E898F5F6AC1}.Debug|Any CPU.Build.0 = Debug|Any CPU
		{47D8BA97-5035-4E14-91D0-9E898F5F6AC1}.Release|Any CPU.ActiveCfg = Release|Any CPU
		{47D8BA97-5035-4E14-91D0-9E898F5F6AC1}.Release|Any CPU.Build.0 = Release|Any CPU
		{403AC941-CB7F-4A51-A308-5F5DC79C6D82}.Debug|Any CPU.ActiveCfg = Debug|Any CPU
		{403AC941-CB7F-4A51-A308-5F5DC79C6D82}.Debug|Any CPU.Build.0 = Debug|Any CPU
		{403AC941-CB7F-4A51-A308-5F5DC79C6D82}.Release|Any CPU.ActiveCfg = Release|Any CPU
		{403AC941-CB7F-4A51-A308-5F5DC79C6D82}.Release|Any CPU.Build.0 = Release|Any CPU
		{BAF7D4E0-A691-4124-B1F2-850DE974C2CF}.Debug|Any CPU.ActiveCfg = Debug|Any CPU
		{BAF7D4E0-A691-4124-B1F2-850DE974C2CF}.Debug|Any CPU.Build.0 = Debug|Any CPU
		{BAF7D4E0-A691-4124-B1F2-850DE974C2CF}.Release|Any CPU.ActiveCfg = Release|Any CPU
		{BAF7D4E0-A691-4124-B1F2-850DE974C2CF}.Release|Any CPU.Build.0 = Release|Any CPU
		{EAEAD17D-832B-476A-9BA4-68489BA91892}.Debug|Any CPU.ActiveCfg = Debug|Any CPU
		{EAEAD17D-832B-476A-9BA4-68489BA91892}.Debug|Any CPU.Build.0 = Debug|Any CPU
		{EAEAD17D-832B-476A-9BA4-68489BA91892}.Release|Any CPU.ActiveCfg = Release|Any CPU
		{EAEAD17D-832B-476A-9BA4-68489BA91892}.Release|Any CPU.Build.0 = Release|Any CPU
		{B055C1F4-2E02-4CE5-9988-889618ECCEB7}.Debug|Any CPU.ActiveCfg = Debug|Any CPU
		{B055C1F4-2E02-4CE5-9988-889618ECCEB7}.Debug|Any CPU.Build.0 = Debug|Any CPU
		{B055C1F4-2E02-4CE5-9988-889618ECCEB7}.Release|Any CPU.ActiveCfg = Release|Any CPU
		{B055C1F4-2E02-4CE5-9988-889618ECCEB7}.Release|Any CPU.Build.0 = Release|Any CPU
		{D02371B0-939E-4FFA-AACD-53C8B9EF74CB}.Debug|Any CPU.ActiveCfg = Debug|Any CPU
		{D02371B0-939E-4FFA-AACD-53C8B9EF74CB}.Debug|Any CPU.Build.0 = Debug|Any CPU
		{D02371B0-939E-4FFA-AACD-53C8B9EF74CB}.Release|Any CPU.ActiveCfg = Release|Any CPU
		{D02371B0-939E-4FFA-AACD-53C8B9EF74CB}.Release|Any CPU.Build.0 = Release|Any CPU
		{88C7F268-7CD3-4810-82B3-AF7B4517A3A1}.Debug|Any CPU.ActiveCfg = Debug|Any CPU
		{88C7F268-7CD3-4810-82B3-AF7B4517A3A1}.Debug|Any CPU.Build.0 = Debug|Any CPU
		{88C7F268-7CD3-4810-82B3-AF7B4517A3A1}.Release|Any CPU.ActiveCfg = Release|Any CPU
		{88C7F268-7CD3-4810-82B3-AF7B4517A3A1}.Release|Any CPU.Build.0 = Release|Any CPU
		{37EF356B-89EA-4C83-B802-F4962E956D7A}.Debug|Any CPU.ActiveCfg = Debug|Any CPU
		{37EF356B-89EA-4C83-B802-F4962E956D7A}.Debug|Any CPU.Build.0 = Debug|Any CPU
		{37EF356B-89EA-4C83-B802-F4962E956D7A}.Release|Any CPU.ActiveCfg = Release|Any CPU
		{37EF356B-89EA-4C83-B802-F4962E956D7A}.Release|Any CPU.Build.0 = Release|Any CPU
		{30C85F78-1C2A-4356-85EB-1C1ED631DDB1}.Debug|Any CPU.ActiveCfg = Debug|Any CPU
		{30C85F78-1C2A-4356-85EB-1C1ED631DDB1}.Debug|Any CPU.Build.0 = Debug|Any CPU
		{30C85F78-1C2A-4356-85EB-1C1ED631DDB1}.Release|Any CPU.ActiveCfg = Release|Any CPU
		{30C85F78-1C2A-4356-85EB-1C1ED631DDB1}.Release|Any CPU.Build.0 = Release|Any CPU
		{00AAF3CC-F090-4A4E-B47B-76DC9BC9FF7B}.Debug|Any CPU.ActiveCfg = Debug|Any CPU
		{00AAF3CC-F090-4A4E-B47B-76DC9BC9FF7B}.Debug|Any CPU.Build.0 = Debug|Any CPU
		{00AAF3CC-F090-4A4E-B47B-76DC9BC9FF7B}.Release|Any CPU.ActiveCfg = Release|Any CPU
		{00AAF3CC-F090-4A4E-B47B-76DC9BC9FF7B}.Release|Any CPU.Build.0 = Release|Any CPU
		{5E3162C8-F181-47A3-B8A5-119CC87E1B62}.Debug|Any CPU.ActiveCfg = Debug|Any CPU
		{5E3162C8-F181-47A3-B8A5-119CC87E1B62}.Debug|Any CPU.Build.0 = Debug|Any CPU
		{5E3162C8-F181-47A3-B8A5-119CC87E1B62}.Release|Any CPU.ActiveCfg = Release|Any CPU
		{5E3162C8-F181-47A3-B8A5-119CC87E1B62}.Release|Any CPU.Build.0 = Release|Any CPU
		{410C1E23-CA21-4C46-8512-ACC24EE17FC2}.Debug|Any CPU.ActiveCfg = Debug|Any CPU
		{410C1E23-CA21-4C46-8512-ACC24EE17FC2}.Debug|Any CPU.Build.0 = Debug|Any CPU
		{410C1E23-CA21-4C46-8512-ACC24EE17FC2}.Release|Any CPU.ActiveCfg = Release|Any CPU
		{410C1E23-CA21-4C46-8512-ACC24EE17FC2}.Release|Any CPU.Build.0 = Release|Any CPU
		{98E2D3BE-1215-4E17-BB32-F653A4098EDA}.Debug|Any CPU.ActiveCfg = Debug|Any CPU
		{98E2D3BE-1215-4E17-BB32-F653A4098EDA}.Debug|Any CPU.Build.0 = Debug|Any CPU
		{98E2D3BE-1215-4E17-BB32-F653A4098EDA}.Release|Any CPU.ActiveCfg = Release|Any CPU
		{98E2D3BE-1215-4E17-BB32-F653A4098EDA}.Release|Any CPU.Build.0 = Release|Any CPU
		{AA07D598-A6ED-4E46-AB5C-8D8A583D1CF7}.Debug|Any CPU.ActiveCfg = Debug|Any CPU
		{AA07D598-A6ED-4E46-AB5C-8D8A583D1CF7}.Debug|Any CPU.Build.0 = Debug|Any CPU
		{AA07D598-A6ED-4E46-AB5C-8D8A583D1CF7}.Release|Any CPU.ActiveCfg = Release|Any CPU
		{AA07D598-A6ED-4E46-AB5C-8D8A583D1CF7}.Release|Any CPU.Build.0 = Release|Any CPU
	EndGlobalSection
	GlobalSection(SolutionProperties) = preSolution
		HideSolutionNode = FALSE
	EndGlobalSection
	GlobalSection(ExtensibilityGlobals) = postSolution
		SolutionGuid = {482A020F-FEA9-4611-B11B-1F7CA8CDB86E}
	EndGlobalSection
EndGlobal
